
Microsoft Visual Studio Solution File, Format Version 12.00
# Visual Studio Version 16
VisualStudioVersion = 16.0.29306.81
MinimumVisualStudioVersion = 10.0.40219.1
Project("{FAE04EC0-301F-11D3-BF4B-00C04F79EFBC}") = "BusyButtonDemo.UWP", "BusyButtonDemo\BusyButtonDemo.UWP\BusyButtonDemo.UWP.csproj", "{0A8EA2FE-D002-49CD-A959-DAFEBD17E7CA}"
EndProject
Project("{FAE04EC0-301F-11D3-BF4B-00C04F79EFBC}") = "BusyButtonDemo.Android", "BusyButtonDemo\BusyButtonDemo.Android\BusyButtonDemo.Android.csproj", "{11D10A5A-FCC5-41F6-83ED-B5190EBBBBDD}"
EndProject
Project("{FAE04EC0-301F-11D3-BF4B-00C04F79EFBC}") = "BusyButtonDemo.iOS", "BusyButtonDemo\BusyButtonDemo.iOS\BusyButtonDemo.iOS.csproj", "{64B7EF12-EF37-4CF1-9CCC-682F19ABDEC0}"
EndProject
Project("{FAE04EC0-301F-11D3-BF4B-00C04F79EFBC}") = "BusyButtonDemo", "BusyButtonDemo\BusyButtonDemo\BusyButtonDemo.csproj", "{321496E1-383F-4C99-A128-CE7E9CD73B3C}"
EndProject
Global
	GlobalSection(SolutionConfigurationPlatforms) = preSolution
		Debug|Any CPU = Debug|Any CPU
		Debug|ARM = Debug|ARM
		Debug|iPhone = Debug|iPhone
		Debug|iPhoneSimulator = Debug|iPhoneSimulator
		Debug|x64 = Debug|x64
		Debug|x86 = Debug|x86
		Release|Any CPU = Release|Any CPU
		Release|ARM = Release|ARM
		Release|iPhone = Release|iPhone
		Release|iPhoneSimulator = Release|iPhoneSimulator
		Release|x64 = Release|x64
		Release|x86 = Release|x86
	EndGlobalSection
	GlobalSection(ProjectConfigurationPlatforms) = postSolution
		{0A8EA2FE-D002-49CD-A959-DAFEBD17E7CA}.Debug|Any CPU.ActiveCfg = Debug|x86
		{0A8EA2FE-D002-49CD-A959-DAFEBD17E7CA}.Debug|Any CPU.Build.0 = Debug|x86
		{0A8EA2FE-D002-49CD-A959-DAFEBD17E7CA}.Debug|Any CPU.Deploy.0 = Debug|x86
		{0A8EA2FE-D002-49CD-A959-DAFEBD17E7CA}.Debug|ARM.ActiveCfg = Debug|ARM
		{0A8EA2FE-D002-49CD-A959-DAFEBD17E7CA}.Debug|ARM.Build.0 = Debug|ARM
		{0A8EA2FE-D002-49CD-A959-DAFEBD17E7CA}.Debug|ARM.Deploy.0 = Debug|ARM
		{0A8EA2FE-D002-49CD-A959-DAFEBD17E7CA}.Debug|iPhone.ActiveCfg = Debug|x86
		{0A8EA2FE-D002-49CD-A959-DAFEBD17E7CA}.Debug|iPhone.Build.0 = Debug|x86
		{0A8EA2FE-D002-49CD-A959-DAFEBD17E7CA}.Debug|iPhone.Deploy.0 = Debug|x86
		{0A8EA2FE-D002-49CD-A959-DAFEBD17E7CA}.Debug|iPhoneSimulator.ActiveCfg = Debug|x86
		{0A8EA2FE-D002-49CD-A959-DAFEBD17E7CA}.Debug|iPhoneSimulator.Build.0 = Debug|x86
		{0A8EA2FE-D002-49CD-A959-DAFEBD17E7CA}.Debug|iPhoneSimulator.Deploy.0 = Debug|x86
		{0A8EA2FE-D002-49CD-A959-DAFEBD17E7CA}.Debug|x64.ActiveCfg = Debug|x64
		{0A8EA2FE-D002-49CD-A959-DAFEBD17E7CA}.Debug|x64.Build.0 = Debug|x64
		{0A8EA2FE-D002-49CD-A959-DAFEBD17E7CA}.Debug|x64.Deploy.0 = Debug|x64
		{0A8EA2FE-D002-49CD-A959-DAFEBD17E7CA}.Debug|x86.ActiveCfg = Debug|x86
		{0A8EA2FE-D002-49CD-A959-DAFEBD17E7CA}.Debug|x86.Build.0 = Debug|x86
		{0A8EA2FE-D002-49CD-A959-DAFEBD17E7CA}.Debug|x86.Deploy.0 = Debug|x86
		{0A8EA2FE-D002-49CD-A959-DAFEBD17E7CA}.Release|Any CPU.ActiveCfg = Release|x86
		{0A8EA2FE-D002-49CD-A959-DAFEBD17E7CA}.Release|Any CPU.Build.0 = Release|x86
		{0A8EA2FE-D002-49CD-A959-DAFEBD17E7CA}.Release|Any CPU.Deploy.0 = Release|x86
		{0A8EA2FE-D002-49CD-A959-DAFEBD17E7CA}.Release|ARM.ActiveCfg = Release|ARM
		{0A8EA2FE-D002-49CD-A959-DAFEBD17E7CA}.Release|ARM.Build.0 = Release|ARM
		{0A8EA2FE-D002-49CD-A959-DAFEBD17E7CA}.Release|ARM.Deploy.0 = Release|ARM
		{0A8EA2FE-D002-49CD-A959-DAFEBD17E7CA}.Release|iPhone.ActiveCfg = Release|x86
		{0A8EA2FE-D002-49CD-A959-DAFEBD17E7CA}.Release|iPhone.Build.0 = Release|x86
		{0A8EA2FE-D002-49CD-A959-DAFEBD17E7CA}.Release|iPhone.Deploy.0 = Release|x86
		{0A8EA2FE-D002-49CD-A959-DAFEBD17E7CA}.Release|iPhoneSimulator.ActiveCfg = Release|x86
		{0A8EA2FE-D002-49CD-A959-DAFEBD17E7CA}.Release|iPhoneSimulator.Build.0 = Release|x86
		{0A8EA2FE-D002-49CD-A959-DAFEBD17E7CA}.Release|iPhoneSimulator.Deploy.0 = Release|x86
		{0A8EA2FE-D002-49CD-A959-DAFEBD17E7CA}.Release|x64.ActiveCfg = Release|x64
		{0A8EA2FE-D002-49CD-A959-DAFEBD17E7CA}.Release|x64.Build.0 = Release|x64
		{0A8EA2FE-D002-49CD-A959-DAFEBD17E7CA}.Release|x64.Deploy.0 = Release|x64
		{0A8EA2FE-D002-49CD-A959-DAFEBD17E7CA}.Release|x86.ActiveCfg = Release|x86
		{0A8EA2FE-D002-49CD-A959-DAFEBD17E7CA}.Release|x86.Build.0 = Release|x86
		{0A8EA2FE-D002-49CD-A959-DAFEBD17E7CA}.Release|x86.Deploy.0 = Release|x86
		{11D10A5A-FCC5-41F6-83ED-B5190EBBBBDD}.Debug|Any CPU.ActiveCfg = Debug|Any CPU
		{11D10A5A-FCC5-41F6-83ED-B5190EBBBBDD}.Debug|Any CPU.Build.0 = Debug|Any CPU
		{11D10A5A-FCC5-41F6-83ED-B5190EBBBBDD}.Debug|Any CPU.Deploy.0 = Debug|Any CPU
		{11D10A5A-FCC5-41F6-83ED-B5190EBBBBDD}.Debug|ARM.ActiveCfg = Debug|Any CPU
		{11D10A5A-FCC5-41F6-83ED-B5190EBBBBDD}.Debug|ARM.Build.0 = Debug|Any CPU
		{11D10A5A-FCC5-41F6-83ED-B5190EBBBBDD}.Debug|ARM.Deploy.0 = Debug|Any CPU
		{11D10A5A-FCC5-41F6-83ED-B5190EBBBBDD}.Debug|iPhone.ActiveCfg = Debug|Any CPU
		{11D10A5A-FCC5-41F6-83ED-B5190EBBBBDD}.Debug|iPhone.Build.0 = Debug|Any CPU
		{11D10A5A-FCC5-41F6-83ED-B5190EBBBBDD}.Debug|iPhone.Deploy.0 = Debug|Any CPU
		{11D10A5A-FCC5-41F6-83ED-B5190EBBBBDD}.Debug|iPhoneSimulator.ActiveCfg = Debug|Any CPU
		{11D10A5A-FCC5-41F6-83ED-B5190EBBBBDD}.Debug|iPhoneSimulator.Build.0 = Debug|Any CPU
		{11D10A5A-FCC5-41F6-83ED-B5190EBBBBDD}.Debug|iPhoneSimulator.Deploy.0 = Debug|Any CPU
		{11D10A5A-FCC5-41F6-83ED-B5190EBBBBDD}.Debug|x64.ActiveCfg = Debug|Any CPU
		{11D10A5A-FCC5-41F6-83ED-B5190EBBBBDD}.Debug|x64.Build.0 = Debug|Any CPU
		{11D10A5A-FCC5-41F6-83ED-B5190EBBBBDD}.Debug|x64.Deploy.0 = Debug|Any CPU
		{11D10A5A-FCC5-41F6-83ED-B5190EBBBBDD}.Debug|x86.ActiveCfg = Debug|Any CPU
		{11D10A5A-FCC5-41F6-83ED-B5190EBBBBDD}.Debug|x86.Build.0 = Debug|Any CPU
		{11D10A5A-FCC5-41F6-83ED-B5190EBBBBDD}.Debug|x86.Deploy.0 = Debug|Any CPU
		{11D10A5A-FCC5-41F6-83ED-B5190EBBBBDD}.Release|Any CPU.ActiveCfg = Release|Any CPU
		{11D10A5A-FCC5-41F6-83ED-B5190EBBBBDD}.Release|Any CPU.Build.0 = Release|Any CPU
		{11D10A5A-FCC5-41F6-83ED-B5190EBBBBDD}.Release|Any CPU.Deploy.0 = Release|Any CPU
		{11D10A5A-FCC5-41F6-83ED-B5190EBBBBDD}.Release|ARM.ActiveCfg = Release|Any CPU
		{11D10A5A-FCC5-41F6-83ED-B5190EBBBBDD}.Release|ARM.Build.0 = Release|Any CPU
		{11D10A5A-FCC5-41F6-83ED-B5190EBBBBDD}.Release|ARM.Deploy.0 = Release|Any CPU
		{11D10A5A-FCC5-41F6-83ED-B5190EBBBBDD}.Release|iPhone.ActiveCfg = Release|Any CPU
		{11D10A5A-FCC5-41F6-83ED-B5190EBBBBDD}.Release|iPhone.Build.0 = Release|Any CPU
		{11D10A5A-FCC5-41F6-83ED-B5190EBBBBDD}.Release|iPhone.Deploy.0 = Release|Any CPU
		{11D10A5A-FCC5-41F6-83ED-B5190EBBBBDD}.Release|iPhoneSimulator.ActiveCfg = Release|Any CPU
		{11D10A5A-FCC5-41F6-83ED-B5190EBBBBDD}.Release|iPhoneSimulator.Build.0 = Release|Any CPU
		{11D10A5A-FCC5-41F6-83ED-B5190EBBBBDD}.Release|iPhoneSimulator.Deploy.0 = Release|Any CPU
		{11D10A5A-FCC5-41F6-83ED-B5190EBBBBDD}.Release|x64.ActiveCfg = Release|Any CPU
		{11D10A5A-FCC5-41F6-83ED-B5190EBBBBDD}.Release|x64.Build.0 = Release|Any CPU
		{11D10A5A-FCC5-41F6-83ED-B5190EBBBBDD}.Release|x64.Deploy.0 = Release|Any CPU
		{11D10A5A-FCC5-41F6-83ED-B5190EBBBBDD}.Release|x86.ActiveCfg = Release|Any CPU
		{11D10A5A-FCC5-41F6-83ED-B5190EBBBBDD}.Release|x86.Build.0 = Release|Any CPU
		{11D10A5A-FCC5-41F6-83ED-B5190EBBBBDD}.Release|x86.Deploy.0 = Release|Any CPU
		{64B7EF12-EF37-4CF1-9CCC-682F19ABDEC0}.Debug|Any CPU.ActiveCfg = Debug|iPhone
		{64B7EF12-EF37-4CF1-9CCC-682F19ABDEC0}.Debug|Any CPU.Build.0 = Debug|iPhone
		{64B7EF12-EF37-4CF1-9CCC-682F19ABDEC0}.Debug|Any CPU.Deploy.0 = Debug|iPhone
		{64B7EF12-EF37-4CF1-9CCC-682F19ABDEC0}.Debug|ARM.ActiveCfg = Debug|iPhoneSimulator
		{64B7EF12-EF37-4CF1-9CCC-682F19ABDEC0}.Debug|ARM.Build.0 = Debug|iPhoneSimulator
		{64B7EF12-EF37-4CF1-9CCC-682F19ABDEC0}.Debug|ARM.Deploy.0 = Debug|iPhoneSimulator
		{64B7EF12-EF37-4CF1-9CCC-682F19ABDEC0}.Debug|iPhone.ActiveCfg = Debug|iPhone
		{64B7EF12-EF37-4CF1-9CCC-682F19ABDEC0}.Debug|iPhone.Build.0 = Debug|iPhone
		{64B7EF12-EF37-4CF1-9CCC-682F19ABDEC0}.Debug|iPhone.Deploy.0 = Debug|iPhone
		{64B7EF12-EF37-4CF1-9CCC-682F19ABDEC0}.Debug|iPhoneSimulator.ActiveCfg = Debug|iPhoneSimulator
		{64B7EF12-EF37-4CF1-9CCC-682F19ABDEC0}.Debug|iPhoneSimulator.Build.0 = Debug|iPhoneSimulator
		{64B7EF12-EF37-4CF1-9CCC-682F19ABDEC0}.Debug|iPhoneSimulator.Deploy.0 = Debug|iPhoneSimulator
		{64B7EF12-EF37-4CF1-9CCC-682F19ABDEC0}.Debug|x64.ActiveCfg = Debug|iPhone
		{64B7EF12-EF37-4CF1-9CCC-682F19ABDEC0}.Debug|x64.Build.0 = Debug|iPhone
		{64B7EF12-EF37-4CF1-9CCC-682F19ABDEC0}.Debug|x64.Deploy.0 = Debug|iPhone
		{64B7EF12-EF37-4CF1-9CCC-682F19ABDEC0}.Debug|x86.ActiveCfg = Debug|iPhone
		{64B7EF12-EF37-4CF1-9CCC-682F19ABDEC0}.Debug|x86.Build.0 = Debug|iPhone
		{64B7EF12-EF37-4CF1-9CCC-682F19ABDEC0}.Debug|x86.Deploy.0 = Debug|iPhone
		{64B7EF12-EF37-4CF1-9CCC-682F19ABDEC0}.Release|Any CPU.ActiveCfg = Release|iPhone
		{64B7EF12-EF37-4CF1-9CCC-682F19ABDEC0}.Release|Any CPU.Build.0 = Release|iPhone
		{64B7EF12-EF37-4CF1-9CCC-682F19ABDEC0}.Release|Any CPU.Deploy.0 = Release|iPhone
		{64B7EF12-EF37-4CF1-9CCC-682F19ABDEC0}.Release|ARM.ActiveCfg = Release|iPhone
		{64B7EF12-EF37-4CF1-9CCC-682F19ABDEC0}.Release|ARM.Build.0 = Release|iPhone
		{64B7EF12-EF37-4CF1-9CCC-682F19ABDEC0}.Release|ARM.Deploy.0 = Release|iPhone
		{64B7EF12-EF37-4CF1-9CCC-682F19ABDEC0}.Release|iPhone.ActiveCfg = Release|iPhone
		{64B7EF12-EF37-4CF1-9CCC-682F19ABDEC0}.Release|iPhone.Build.0 = Release|iPhone
		{64B7EF12-EF37-4CF1-9CCC-682F19ABDEC0}.Release|iPhone.Deploy.0 = Release|iPhone
		{64B7EF12-EF37-4CF1-9CCC-682F19ABDEC0}.Release|iPhoneSimulator.ActiveCfg = Release|iPhoneSimulator
		{64B7EF12-EF37-4CF1-9CCC-682F19ABDEC0}.Release|iPhoneSimulator.Build.0 = Release|iPhoneSimulator
		{64B7EF12-EF37-4CF1-9CCC-682F19ABDEC0}.Release|iPhoneSimulator.Deploy.0 = Release|iPhoneSimulator
		{64B7EF12-EF37-4CF1-9CCC-682F19ABDEC0}.Release|x64.ActiveCfg = Release|iPhone
		{64B7EF12-EF37-4CF1-9CCC-682F19ABDEC0}.Release|x64.Build.0 = Release|iPhone
		{64B7EF12-EF37-4CF1-9CCC-682F19ABDEC0}.Release|x64.Deploy.0 = Release|iPhone
		{64B7EF12-EF37-4CF1-9CCC-682F19ABDEC0}.Release|x86.ActiveCfg = Release|iPhone
		{64B7EF12-EF37-4CF1-9CCC-682F19ABDEC0}.Release|x86.Build.0 = Release|iPhone
		{64B7EF12-EF37-4CF1-9CCC-682F19ABDEC0}.Release|x86.Deploy.0 = Release|iPhone
		{321496E1-383F-4C99-A128-CE7E9CD73B3C}.Debug|Any CPU.ActiveCfg = Debug|Any CPU
		{321496E1-383F-4C99-A128-CE7E9CD73B3C}.Debug|Any CPU.Build.0 = Debug|Any CPU
		{321496E1-383F-4C99-A128-CE7E9CD73B3C}.Debug|Any CPU.Deploy.0 = Debug|Any CPU
		{321496E1-383F-4C99-A128-CE7E9CD73B3C}.Debug|ARM.ActiveCfg = Debug|Any CPU
		{321496E1-383F-4C99-A128-CE7E9CD73B3C}.Debug|ARM.Build.0 = Debug|Any CPU
		{321496E1-383F-4C99-A128-CE7E9CD73B3C}.Debug|ARM.Deploy.0 = Debug|Any CPU
		{321496E1-383F-4C99-A128-CE7E9CD73B3C}.Debug|iPhone.ActiveCfg = Debug|Any CPU
		{321496E1-383F-4C99-A128-CE7E9CD73B3C}.Debug|iPhone.Build.0 = Debug|Any CPU
		{321496E1-383F-4C99-A128-CE7E9CD73B3C}.Debug|iPhone.Deploy.0 = Debug|Any CPU
		{321496E1-383F-4C99-A128-CE7E9CD73B3C}.Debug|iPhoneSimulator.ActiveCfg = Debug|Any CPU
		{321496E1-383F-4C99-A128-CE7E9CD73B3C}.Debug|iPhoneSimulator.Build.0 = Debug|Any CPU
		{321496E1-383F-4C99-A128-CE7E9CD73B3C}.Debug|iPhoneSimulator.Deploy.0 = Debug|Any CPU
		{321496E1-383F-4C99-A128-CE7E9CD73B3C}.Debug|x64.ActiveCfg = Debug|Any CPU
		{321496E1-383F-4C99-A128-CE7E9CD73B3C}.Debug|x64.Build.0 = Debug|Any CPU
		{321496E1-383F-4C99-A128-CE7E9CD73B3C}.Debug|x64.Deploy.0 = Debug|Any CPU
		{321496E1-383F-4C99-A128-CE7E9CD73B3C}.Debug|x86.ActiveCfg = Debug|Any CPU
		{321496E1-383F-4C99-A128-CE7E9CD73B3C}.Debug|x86.Build.0 = Debug|Any CPU
		{321496E1-383F-4C99-A128-CE7E9CD73B3C}.Debug|x86.Deploy.0 = Debug|Any CPU
		{321496E1-383F-4C99-A128-CE7E9CD73B3C}.Release|Any CPU.ActiveCfg = Release|Any CPU
		{321496E1-383F-4C99-A128-CE7E9CD73B3C}.Release|Any CPU.Build.0 = Release|Any CPU
		{321496E1-383F-4C99-A128-CE7E9CD73B3C}.Release|Any CPU.Deploy.0 = Release|Any CPU
		{321496E1-383F-4C99-A128-CE7E9CD73B3C}.Release|ARM.ActiveCfg = Release|Any CPU
		{321496E1-383F-4C99-A128-CE7E9CD73B3C}.Release|ARM.Build.0 = Release|Any CPU
		{321496E1-383F-4C99-A128-CE7E9CD73B3C}.Release|ARM.Deploy.0 = Release|Any CPU
		{321496E1-383F-4C99-A128-CE7E9CD73B3C}.Release|iPhone.ActiveCfg = Release|Any CPU
		{321496E1-383F-4C99-A128-CE7E9CD73B3C}.Release|iPhone.Build.0 = Release|Any CPU
		{321496E1-383F-4C99-A128-CE7E9CD73B3C}.Release|iPhone.Deploy.0 = Release|Any CPU
		{321496E1-383F-4C99-A128-CE7E9CD73B3C}.Release|iPhoneSimulator.ActiveCfg = Release|Any CPU
		{321496E1-383F-4C99-A128-CE7E9CD73B3C}.Release|iPhoneSimulator.Build.0 = Release|Any CPU
		{321496E1-383F-4C99-A128-CE7E9CD73B3C}.Release|iPhoneSimulator.Deploy.0 = Release|Any CPU
		{321496E1-383F-4C99-A128-CE7E9CD73B3C}.Release|x64.ActiveCfg = Release|Any CPU
		{321496E1-383F-4C99-A128-CE7E9CD73B3C}.Release|x64.Build.0 = Release|Any CPU
		{321496E1-383F-4C99-A128-CE7E9CD73B3C}.Release|x64.Deploy.0 = Release|Any CPU
		{321496E1-383F-4C99-A128-CE7E9CD73B3C}.Release|x86.ActiveCfg = Release|Any CPU
		{321496E1-383F-4C99-A128-CE7E9CD73B3C}.Release|x86.Build.0 = Release|Any CPU
		{321496E1-383F-4C99-A128-CE7E9CD73B3C}.Release|x86.Deploy.0 = Release|Any CPU
	EndGlobalSection
	GlobalSection(SolutionProperties) = preSolution
		HideSolutionNode = FALSE
	EndGlobalSection
	GlobalSection(ExtensibilityGlobals) = postSolution
		SolutionGuid = {7C7E32B6-1229-4089-8578-47BAD4D8F9B5}
	EndGlobalSection
EndGlobal
